# THIS IS AN AUTOGENERATED FILE. DO NOT EDIT THIS FILE DIRECTLY.
# yarn lockfile v1


clsx@^2.0.0:
  version "2.0.0"
  resolved "https://registry.yarnpkg.com/clsx/-/clsx-2.0.0.tgz#12658f3fd98fafe62075595a5c30e43d18f3d00b"
  integrity sha512-rQ1+kcj+ttHG0MKVGBUXwayCCF1oh39BF5COIpRzuCEv8Mwjv0XucrI2ExNTOn9IlLifGClWQcU9BrZORvtw6Q==

react-typing-game-hook@^1.4.2:
  version "1.4.2"
  resolved "https://registry.yarnpkg.com/react-typing-game-hook/-/react-typing-game-hook-1.4.2.tgz#5bef8cbd280c38654ae9ad1580c4e6368f0e8c0c"
  integrity sha512-ueC2VzVAFwCE674lsdwm3YveJA/L6qVIA7M7odh/aT19rb5GR+EmcGjuk8HROAvrhqaUQwAZIDUX1JKss5XlHA==
